{
  "name": "periodic-table-of-chords",
  "version": "1.0.0",
  "lockfileVersion": 3,
  "requires": true,
  "packages": {
    "": {
      "name": "periodic-table-of-chords",
      "version": "1.0.0",
      "license": "ISC",
      "devDependencies": {
        "@types/p5": "^1.7.7",
        "typescript": "^6.0.3"
      }
    },
    "node_modules/@types/p5": {
      "version": "1.7.7",
      "resolved": "https://registry.npmjs.org/@types/p5/-/p5-1.7.7.tgz",
      "integrity": "sha512-WFuP7jqc5CkkMtCK/NphgvMnJz1Qi9CMuK7t6xLu/tuXkRdGQA4q4AD0dUYcChC0Oibe8PE8gbKSFPNF0BqVNw==",
      "dev": true
    },
    "node_modules/typescript": {
      "version": "6.0.3",
      "resolved": "https://registry.npmjs.org/typescript/-/typescript-6.0.3.tgz",
      "integrity": "sha512-y2TvuxSZPDyQakkFRPZHKFm+KKVqIisdg9/CZwm9ftvKXLP8NRWj38/ODjNbr43SsoXqNuAisEf1GdCxqWcdBw==",
      "dev": true,
      "bin": {
        "tsc": "bin/tsc",
        "tsserver": "bin/tsserver"
      },
      "engines": {
        "node": ">=14.17"
      }
    }
  }
}
